
Microsoft Visual Studio Solution File, Format Version 12.00
# Visual Studio Version 16
VisualStudioVersion = 16.0.32106.194
MinimumVisualStudioVersion = 10.0.40219.1
Project("{FAE04EC0-301F-11D3-BF4B-00C04F79EFBC}") = "ProgramFlow", "ProgramFlow.csproj", "{49AC8534-B528-4DD9-9F09-9FD7204E0297}"
EndProject
Global
	GlobalSection(SolutionConfigurationPlatforms) = preSolution
		Debug|Any CPU = Debug|Any CPU
		Release|Any CPU = Release|Any CPU
	EndGlobalSection
	GlobalSection(ProjectConfigurationPlatforms) = postSolution
		{49AC8534-B528-4DD9-9F09-9FD7204E0297}.Debug|Any CPU.ActiveCfg = Debug|Any CPU
		{49AC8534-B528-4DD9-9F09-9FD7204E0297}.Debug|Any CPU.Build.0 = Debug|Any CPU
		{49AC8534-B528-4DD9-9F09-9FD7204E0297}.Release|Any CPU.ActiveCfg = Release|Any CPU
		{49AC8534-B528-4DD9-9F09-9FD7204E0297}.Release|Any CPU.Build.0 = Release|Any CPU
	EndGlobalSection
	GlobalSection(SolutionProperties) = preSolution
		HideSolutionNode = FALSE
	EndGlobalSection
	GlobalSection(ExtensibilityGlobals) = postSolution
		SolutionGuid = {5440E85D-BF37-473A-9602-5368264B88B1}
	EndGlobalSection
EndGlobal
